
Microsoft Visual Studio Solution File, Format Version 12.00
# Visual Studio 15
VisualStudioVersion = 15.0.28010.2050
MinimumVisualStudioVersion = 10.0.40219.1
Project("{FAE04EC0-301F-11D3-BF4B-00C04F79EFBC}") = "ASPDonkeysProject", "ASPDonkeysProject\ASPDonkeysProject.csproj", "{C39A556F-E616-47B0-B3F3-639E9AB59A56}"
EndProject
Global
	GlobalSection(SolutionConfigurationPlatforms) = preSolution
		Debug|Any CPU = Debug|Any CPU
		Release|Any CPU = Release|Any CPU
	EndGlobalSection
	GlobalSection(ProjectConfigurationPlatforms) = postSolution
		{C39A556F-E616-47B0-B3F3-639E9AB59A56}.Debug|Any CPU.ActiveCfg = Debug|Any CPU
		{C39A556F-E616-47B0-B3F3-639E9AB59A56}.Debug|Any CPU.Build.0 = Debug|Any CPU
		{C39A556F-E616-47B0-B3F3-639E9AB59A56}.Release|Any CPU.ActiveCfg = Release|Any CPU
		{C39A556F-E616-47B0-B3F3-639E9AB59A56}.Release|Any CPU.Build.0 = Release|Any CPU
	EndGlobalSection
	GlobalSection(SolutionProperties) = preSolution
		HideSolutionNode = FALSE
	EndGlobalSection
	GlobalSection(ExtensibilityGlobals) = postSolution
		SolutionGuid = {1C8B5BAC-15FC-47B2-9731-EE11A080E258}
	EndGlobalSection
EndGlobal
